
Microsoft Visual Studio Solution File, Format Version 12.00
# Visual Studio Version 16
VisualStudioVersion = 16.0.32802.440
MinimumVisualStudioVersion = 10.0.40219.1
Project("{FAE04EC0-301F-11D3-BF4B-00C04F79EFBC}") = "Stock_Delivery_App_Backend", "Stock_Delivery_App_Backend\Stock_Delivery_App_Backend.csproj", "{80FCC46C-4491-457B-A9AB-D04A6FDEA5DE}"
EndProject
Global
	GlobalSection(SolutionConfigurationPlatforms) = preSolution
		Debug|Any CPU = Debug|Any CPU
		Release|Any CPU = Release|Any CPU
	EndGlobalSection
	GlobalSection(ProjectConfigurationPlatforms) = postSolution
		{80FCC46C-4491-457B-A9AB-D04A6FDEA5DE}.Debug|Any CPU.ActiveCfg = Debug|Any CPU
		{80FCC46C-4491-457B-A9AB-D04A6FDEA5DE}.Debug|Any CPU.Build.0 = Debug|Any CPU
		{80FCC46C-4491-457B-A9AB-D04A6FDEA5DE}.Release|Any CPU.ActiveCfg = Release|Any CPU
		{80FCC46C-4491-457B-A9AB-D04A6FDEA5DE}.Release|Any CPU.Build.0 = Release|Any CPU
	EndGlobalSection
	GlobalSection(SolutionProperties) = preSolution
		HideSolutionNode = FALSE
	EndGlobalSection
	GlobalSection(ExtensibilityGlobals) = postSolution
		SolutionGuid = {6DA47602-0C59-4878-822F-FDE7A6F4456D}
	EndGlobalSection
EndGlobal
